
Microsoft Visual Studio Solution File, Format Version 12.00
# Visual Studio 15
VisualStudioVersion = 15.0.26730.15
MinimumVisualStudioVersion = 10.0.40219.1
Project("{FAE04EC0-301F-11D3-BF4B-00C04F79EFBC}") = "Lab1", "Lab1\Lab1.csproj", "{F5107870-24AE-4F28-9837-3B39A3F7CFD7}"
EndProject
Global
	GlobalSection(SolutionConfigurationPlatforms) = preSolution
		Debug|Any CPU = Debug|Any CPU
		Release|Any CPU = Release|Any CPU
	EndGlobalSection
	GlobalSection(ProjectConfigurationPlatforms) = postSolution
		{F5107870-24AE-4F28-9837-3B39A3F7CFD7}.Debug|Any CPU.ActiveCfg = Debug|Any CPU
		{F5107870-24AE-4F28-9837-3B39A3F7CFD7}.Debug|Any CPU.Build.0 = Debug|Any CPU
		{F5107870-24AE-4F28-9837-3B39A3F7CFD7}.Release|Any CPU.ActiveCfg = Release|Any CPU
		{F5107870-24AE-4F28-9837-3B39A3F7CFD7}.Release|Any CPU.Build.0 = Release|Any CPU
	EndGlobalSection
	GlobalSection(SolutionProperties) = preSolution
		HideSolutionNode = FALSE
	EndGlobalSection
	GlobalSection(ExtensibilityGlobals) = postSolution
		SolutionGuid = {96EF3E66-A674-4888-8C6D-4C26273AA751}
	EndGlobalSection
EndGlobal
