
Microsoft Visual Studio Solution File, Format Version 12.00
# Visual Studio 15
VisualStudioVersion = 15.0.26730.15
MinimumVisualStudioVersion = 10.0.40219.1
Project("{FAE04EC0-301F-11D3-BF4B-00C04F79EFBC}") = "MovieLib.Windows", "MovieLib.Windows\MovieLib.Windows.csproj", "{099059C4-6271-4070-9BF2-EC156F12ED41}"
EndProject
Project("{FAE04EC0-301F-11D3-BF4B-00C04F79EFBC}") = "MovieLib", "MovieLib\MovieLib.csproj", "{629DFDC2-41D7-4BF8-B5EB-404FF22A6CE5}"
EndProject
Project("{FAE04EC0-301F-11D3-BF4B-00C04F79EFBC}") = "MovieDetails", "MovieDetails\MovieDetails.csproj", "{C96E0DE6-5E7A-4334-8294-E422D007D5C7}"
EndProject
Global
	GlobalSection(SolutionConfigurationPlatforms) = preSolution
		Debug|Any CPU = Debug|Any CPU
		Release|Any CPU = Release|Any CPU
	EndGlobalSection
	GlobalSection(ProjectConfigurationPlatforms) = postSolution
		{099059C4-6271-4070-9BF2-EC156F12ED41}.Debug|Any CPU.ActiveCfg = Debug|Any CPU
		{099059C4-6271-4070-9BF2-EC156F12ED41}.Debug|Any CPU.Build.0 = Debug|Any CPU
		{099059C4-6271-4070-9BF2-EC156F12ED41}.Release|Any CPU.ActiveCfg = Release|Any CPU
		{099059C4-6271-4070-9BF2-EC156F12ED41}.Release|Any CPU.Build.0 = Release|Any CPU
		{629DFDC2-41D7-4BF8-B5EB-404FF22A6CE5}.Debug|Any CPU.ActiveCfg = Debug|Any CPU
		{629DFDC2-41D7-4BF8-B5EB-404FF22A6CE5}.Debug|Any CPU.Build.0 = Debug|Any CPU
		{629DFDC2-41D7-4BF8-B5EB-404FF22A6CE5}.Release|Any CPU.ActiveCfg = Release|Any CPU
		{629DFDC2-41D7-4BF8-B5EB-404FF22A6CE5}.Release|Any CPU.Build.0 = Release|Any CPU
		{C96E0DE6-5E7A-4334-8294-E422D007D5C7}.Debug|Any CPU.ActiveCfg = Debug|Any CPU
		{C96E0DE6-5E7A-4334-8294-E422D007D5C7}.Debug|Any CPU.Build.0 = Debug|Any CPU
		{C96E0DE6-5E7A-4334-8294-E422D007D5C7}.Release|Any CPU.ActiveCfg = Release|Any CPU
		{C96E0DE6-5E7A-4334-8294-E422D007D5C7}.Release|Any CPU.Build.0 = Release|Any CPU
	EndGlobalSection
	GlobalSection(SolutionProperties) = preSolution
		HideSolutionNode = FALSE
	EndGlobalSection
	GlobalSection(ExtensibilityGlobals) = postSolution
		SolutionGuid = {F43B2A24-216C-4920-8843-23391BE327FA}
	EndGlobalSection
EndGlobal
